
Microsoft Visual Studio Solution File, Format Version 12.00
# Visual Studio Version 16
VisualStudioVersion = 16.0.32002.261
MinimumVisualStudioVersion = 10.0.40219.1
Project("{FAE04EC0-301F-11D3-BF4B-00C04F79EFBC}") = "AppMvcSimples", "AppMvcSimples\AppMvcSimples.csproj", "{CC3666DC-283B-4B6E-83B6-1C14E52EFEEE}"
EndProject
Global
	GlobalSection(SolutionConfigurationPlatforms) = preSolution
		Debug|Any CPU = Debug|Any CPU
		Release|Any CPU = Release|Any CPU
	EndGlobalSection
	GlobalSection(ProjectConfigurationPlatforms) = postSolution
		{CC3666DC-283B-4B6E-83B6-1C14E52EFEEE}.Debug|Any CPU.ActiveCfg = Debug|Any CPU
		{CC3666DC-283B-4B6E-83B6-1C14E52EFEEE}.Debug|Any CPU.Build.0 = Debug|Any CPU
		{CC3666DC-283B-4B6E-83B6-1C14E52EFEEE}.Release|Any CPU.ActiveCfg = Release|Any CPU
		{CC3666DC-283B-4B6E-83B6-1C14E52EFEEE}.Release|Any CPU.Build.0 = Release|Any CPU
	EndGlobalSection
	GlobalSection(SolutionProperties) = preSolution
		HideSolutionNode = FALSE
	EndGlobalSection
	GlobalSection(ExtensibilityGlobals) = postSolution
		SolutionGuid = {CAB9D090-3E8E-406C-BFD4-6D78D0C4C3B5}
	EndGlobalSection
EndGlobal
